lockVersion: 2.0.0
id: 1773e9c7-1931-4663-8ac8-4deaf8db76f5
management:
  docChecksum: 4f30b36ccc0d6c4b8d2e3cfc7acb8456
  docVersion: 0.0.1
  speakeasyVersion: 1.272.0
  generationVersion: 2.312.1
  releaseVersion: 0.0.1
  configChecksum: a4b3d5471b8af1945f67363518bdcd92
features:
  go:
    constsAndDefaults: 0.1.4
    core: 3.4.6
    deprecations: 2.81.1
    examples: 2.81.3
    flattening: 2.81.1
    globalSecurity: 2.82.9
    globalServerURLs: 2.82.2
    globals: 2.82.2
    hiddenGlobals: 0.1.0
    nameOverrides: 2.81.2
    responseFormat: 0.1.0
    unions: 2.85.4
generatedFiles:
  - links.go
  - qrcodes.go
  - clicks.go
  - analytics.go
  - workspaces.go
  - tags.go
  - domains.go
  - metatags.go
  - dub.go
  - go.mod
  - models/sdkerrors/sdkerror.go
  - types/bigint.go
  - types/date.go
  - types/datetime.go
  - types/decimal.go
  - types/pointers.go
  - internal/utils/contenttype.go
  - internal/utils/form.go
  - internal/utils/headers.go
  - internal/utils/json.go
  - internal/utils/pathparams.go
  - internal/utils/queryparams.go
  - internal/utils/requestbody.go
  - internal/utils/retries.go
  - internal/utils/security.go
  - internal/utils/utils.go
  - internal/globals/globals.go
  - /models/operations/getlinks.go
  - /models/operations/createlink.go
  - /models/operations/getlinkscount.go
  - /models/operations/getlinkinfo.go
  - /models/operations/deletelink.go
  - /models/operations/updatelink.go
  - /models/operations/bulkcreatelinks.go
  - /models/operations/upsertlink.go
  - /models/operations/getqrcode.go
  - /models/operations/gettimeseriesbyclicksdeprecated.go
  - /models/operations/getcountriesbyclicksdeprecated.go
  - /models/operations/getcitiesbyclicksdeprecated.go
  - /models/operations/getdevicesbyclicksdeprecated.go
  - /models/operations/getbrowsersbyclicksdeprecated.go
  - /models/operations/getosbyclicksdeprecated.go
  - /models/operations/getreferersbyclicksdeprecated.go
  - /models/operations/gettoplinksbyclicksdeprecated.go
  - /models/operations/gettopurlsbyclicksdeprecated.go
  - /models/operations/getclickscount.go
  - /models/operations/gettimeseriesbyclicks.go
  - /models/operations/getcountriesbyclicks.go
  - /models/operations/getcitiesbyclicks.go
  - /models/operations/getdevicesbyclicks.go
  - /models/operations/getbrowsersbyclicks.go
  - /models/operations/getosbyclicks.go
  - /models/operations/getreferersbyclicks.go
  - /models/operations/gettoplinksbyclicks.go
  - /models/operations/gettopurlsbyclicks.go
  - /models/operations/getclickscountdeprecated.go
  - /models/operations/getworkspaces.go
  - /models/operations/createworkspace.go
  - /models/operations/getworkspace.go
  - /models/operations/gettags.go
  - /models/operations/createtag.go
  - /models/operations/listdomains.go
  - /models/operations/adddomain.go
  - /models/operations/deletedomain.go
  - /models/operations/updatedomain.go
  - /models/operations/setprimarydomain.go
  - /models/operations/transferdomain.go
  - /models/operations/getmetatags.go
  - /models/components/linkschema.go
  - /models/components/tagschema.go
  - /models/components/httpmetadata.go
  - /models/components/linkgeotargeting.go
  - /models/components/countrycode.go
  - /models/components/clicksbycountry.go
  - /models/components/clicksbycities.go
  - /models/components/workspaceschema.go
  - /models/components/domainschema.go
  - /models/components/security.go
  - /models/sdkerrors/badrequest.go
  - /models/sdkerrors/unauthorized.go
  - /models/sdkerrors/forbidden.go
  - /models/sdkerrors/notfound.go
  - /models/sdkerrors/conflict.go
  - /models/sdkerrors/inviteexpired.go
  - /models/sdkerrors/unprocessableentity.go
  - /models/sdkerrors/ratelimitexceeded.go
  - /models/sdkerrors/internalservererror.go
  - docs/models/operations/getlinksglobals.md
  - docs/models/operations/queryparamtagids.md
  - docs/models/operations/queryparamtagnames.md
  - docs/models/operations/sort.md
  - docs/models/operations/getlinksrequest.md
  - docs/models/operations/getlinksresponse.md
  - docs/models/operations/createlinkglobals.md
  - docs/models/operations/tagids.md
  - docs/models/operations/tagnames.md
  - docs/models/operations/createlinkrequestbody.md
  - docs/models/operations/createlinkresponse.md
  - docs/models/operations/getlinkscountglobals.md
  - docs/models/operations/getlinkscountqueryparamtagids.md
  - docs/models/operations/getlinkscountqueryparamtagnames.md
  - docs/models/operations/two.md
  - docs/models/operations/one.md
  - docs/models/operations/groupby.md
  - docs/models/operations/getlinkscountrequest.md
  - docs/models/operations/getlinkscountresponse.md
  - docs/models/operations/getlinkinfoglobals.md
  - docs/models/operations/getlinkinforequest.md
  - docs/models/operations/getlinkinforesponse.md
  - docs/models/operations/deletelinkglobals.md
  - docs/models/operations/deletelinkrequest.md
  - docs/models/operations/deletelinkresponsebody.md
  - docs/models/operations/deletelinkresponse.md
  - docs/models/operations/updatelinkglobals.md
  - docs/models/operations/updatelinktagids.md
  - docs/models/operations/updatelinktagnames.md
  - docs/models/operations/updatelinkrequestbody.md
  - docs/models/operations/updatelinkrequest.md
  - docs/models/operations/updatelinkresponse.md
  - docs/models/operations/bulkcreatelinksglobals.md
  - docs/models/operations/bulkcreatelinkstagids.md
  - docs/models/operations/bulkcreatelinkstagnames.md
  - docs/models/operations/requestbody.md
  - docs/models/operations/bulkcreatelinksresponse.md
  - docs/models/operations/upsertlinkglobals.md
  - docs/models/operations/upsertlinktagids.md
  - docs/models/operations/upsertlinktagnames.md
  - docs/models/operations/upsertlinkrequestbody.md
  - docs/models/operations/upsertlinkresponse.md
  - docs/models/operations/level.md
  - docs/models/operations/getqrcoderequest.md
  - docs/models/operations/getqrcoderesponse.md
  - docs/models/operations/gettimeseriesbyclicksdeprecatedglobals.md
  - docs/models/operations/gettimeseriesbyclicksdeprecatedqueryparaminterval.md
  - docs/models/operations/gettimeseriesbyclicksdeprecatedrequest.md
  - docs/models/operations/gettimeseriesbyclicksdeprecatedresponsebody.md
  - docs/models/operations/gettimeseriesbyclicksdeprecatedresponse.md
  - docs/models/operations/getcountriesbyclicksdeprecatedglobals.md
  - docs/models/operations/getcountriesbyclicksdeprecatedqueryparaminterval.md
  - docs/models/operations/getcountriesbyclicksdeprecatedrequest.md
  - docs/models/operations/getcountriesbyclicksdeprecatedresponse.md
  - docs/models/operations/getcitiesbyclicksdeprecatedglobals.md
  - docs/models/operations/getcitiesbyclicksdeprecatedqueryparaminterval.md
  - docs/models/operations/getcitiesbyclicksdeprecatedrequest.md
  - docs/models/operations/getcitiesbyclicksdeprecatedresponse.md
  - docs/models/operations/getdevicesbyclicksdeprecatedglobals.md
  - docs/models/operations/getdevicesbyclicksdeprecatedqueryparaminterval.md
  - docs/models/operations/getdevicesbyclicksdeprecatedrequest.md
  - docs/models/operations/getdevicesbyclicksdeprecatedresponsebody.md
  - docs/models/operations/getdevicesbyclicksdeprecatedresponse.md
  - docs/models/operations/getbrowsersbyclicksdeprecatedglobals.md
  - docs/models/operations/getbrowsersbyclicksdeprecatedqueryparaminterval.md
  - docs/models/operations/getbrowsersbyclicksdeprecatedrequest.md
  - docs/models/operations/getbrowsersbyclicksdeprecatedresponsebody.md
  - docs/models/operations/getbrowsersbyclicksdeprecatedresponse.md
  - docs/models/operations/getosbyclicksdeprecatedglobals.md
  - docs/models/operations/getosbyclicksdeprecatedqueryparaminterval.md
  - docs/models/operations/getosbyclicksdeprecatedrequest.md
  - docs/models/operations/getosbyclicksdeprecatedresponsebody.md
  - docs/models/operations/getosbyclicksdeprecatedresponse.md
  - docs/models/operations/getreferersbyclicksdeprecatedglobals.md
  - docs/models/operations/getreferersbyclicksdeprecatedqueryparaminterval.md
  - docs/models/operations/getreferersbyclicksdeprecatedrequest.md
  - docs/models/operations/getreferersbyclicksdeprecatedresponsebody.md
  - docs/models/operations/getreferersbyclicksdeprecatedresponse.md
  - docs/models/operations/gettoplinksbyclicksdeprecatedglobals.md
  - docs/models/operations/gettoplinksbyclicksdeprecatedqueryparaminterval.md
  - docs/models/operations/gettoplinksbyclicksdeprecatedrequest.md
  - docs/models/operations/gettoplinksbyclicksdeprecatedresponsebody.md
  - docs/models/operations/gettoplinksbyclicksdeprecatedresponse.md
  - docs/models/operations/gettopurlsbyclicksdeprecatedglobals.md
  - docs/models/operations/gettopurlsbyclicksdeprecatedqueryparaminterval.md
  - docs/models/operations/gettopurlsbyclicksdeprecatedrequest.md
  - docs/models/operations/gettopurlsbyclicksdeprecatedresponsebody.md
  - docs/models/operations/gettopurlsbyclicksdeprecatedresponse.md
  - docs/models/operations/getclickscountglobals.md
  - docs/models/operations/interval.md
  - docs/models/operations/getclickscountrequest.md
  - docs/models/operations/getclickscountresponse.md
  - docs/models/operations/gettimeseriesbyclicksglobals.md
  - docs/models/operations/queryparaminterval.md
  - docs/models/operations/gettimeseriesbyclicksrequest.md
  - docs/models/operations/responsebody.md
  - docs/models/operations/gettimeseriesbyclicksresponse.md
  - docs/models/operations/getcountriesbyclicksglobals.md
  - docs/models/operations/getcountriesbyclicksqueryparaminterval.md
  - docs/models/operations/getcountriesbyclicksrequest.md
  - docs/models/operations/getcountriesbyclicksresponse.md
  - docs/models/operations/getcitiesbyclicksglobals.md
  - docs/models/operations/getcitiesbyclicksqueryparaminterval.md
  - docs/models/operations/getcitiesbyclicksrequest.md
  - docs/models/operations/getcitiesbyclicksresponse.md
  - docs/models/operations/getdevicesbyclicksglobals.md
  - docs/models/operations/getdevicesbyclicksqueryparaminterval.md
  - docs/models/operations/getdevicesbyclicksrequest.md
  - docs/models/operations/getdevicesbyclicksresponsebody.md
  - docs/models/operations/getdevicesbyclicksresponse.md
  - docs/models/operations/getbrowsersbyclicksglobals.md
  - docs/models/operations/getbrowsersbyclicksqueryparaminterval.md
  - docs/models/operations/getbrowsersbyclicksrequest.md
  - docs/models/operations/getbrowsersbyclicksresponsebody.md
  - docs/models/operations/getbrowsersbyclicksresponse.md
  - docs/models/operations/getosbyclicksglobals.md
  - docs/models/operations/getosbyclicksqueryparaminterval.md
  - docs/models/operations/getosbyclicksrequest.md
  - docs/models/operations/getosbyclicksresponsebody.md
  - docs/models/operations/getosbyclicksresponse.md
  - docs/models/operations/getreferersbyclicksglobals.md
  - docs/models/operations/getreferersbyclicksqueryparaminterval.md
  - docs/models/operations/getreferersbyclicksrequest.md
  - docs/models/operations/getreferersbyclicksresponsebody.md
  - docs/models/operations/getreferersbyclicksresponse.md
  - docs/models/operations/gettoplinksbyclicksglobals.md
  - docs/models/operations/gettoplinksbyclicksqueryparaminterval.md
  - docs/models/operations/gettoplinksbyclicksrequest.md
  - docs/models/operations/gettoplinksbyclicksresponsebody.md
  - docs/models/operations/gettoplinksbyclicksresponse.md
  - docs/models/operations/gettopurlsbyclicksglobals.md
  - docs/models/operations/gettopurlsbyclicksqueryparaminterval.md
  - docs/models/operations/gettopurlsbyclicksrequest.md
  - docs/models/operations/gettopurlsbyclicksresponsebody.md
  - docs/models/operations/gettopurlsbyclicksresponse.md
  - docs/models/operations/getclickscountdeprecatedglobals.md
  - docs/models/operations/getclickscountdeprecatedqueryparaminterval.md
  - docs/models/operations/getclickscountdeprecatedrequest.md
  - docs/models/operations/getclickscountdeprecatedresponse.md
  - docs/models/operations/getworkspacesresponse.md
  - docs/models/operations/createworkspacerequestbody.md
  - docs/models/operations/createworkspaceresponse.md
  - docs/models/operations/getworkspacerequest.md
  - docs/models/operations/getworkspaceresponse.md
  - docs/models/operations/gettagsglobals.md
  - docs/models/operations/gettagsrequest.md
  - docs/models/operations/gettagsresponse.md
  - docs/models/operations/createtagglobals.md
  - docs/models/operations/color.md
  - docs/models/operations/createtagrequestbody.md
  - docs/models/operations/createtagresponse.md
  - docs/models/operations/listdomainsglobals.md
  - docs/models/operations/listdomainsrequest.md
  - docs/models/operations/listdomainsresponse.md
  - docs/models/operations/adddomainglobals.md
  - docs/models/operations/type.md
  - docs/models/operations/adddomainrequestbody.md
  - docs/models/operations/adddomainresponse.md
  - docs/models/operations/deletedomainglobals.md
  - docs/models/operations/deletedomainrequest.md
  - docs/models/operations/deletedomainresponsebody.md
  - docs/models/operations/deletedomainresponse.md
  - docs/models/operations/updatedomainglobals.md
  - docs/models/operations/updatedomaintype.md
  - docs/models/operations/updatedomainrequestbody.md
  - docs/models/operations/updatedomainrequest.md
  - docs/models/operations/updatedomainresponse.md
  - docs/models/operations/setprimarydomainglobals.md
  - docs/models/operations/setprimarydomainrequest.md
  - docs/models/operations/setprimarydomainresponse.md
  - docs/models/operations/transferdomainglobals.md
  - docs/models/operations/transferdomainrequestbody.md
  - docs/models/operations/transferdomainrequest.md
  - docs/models/operations/transferdomainresponse.md
  - docs/models/operations/getmetatagsrequest.md
  - docs/models/operations/getmetatagsresponsebody.md
  - docs/models/operations/getmetatagsresponse.md
  - docs/models/components/geo.md
  - docs/models/components/linkschema.md
  - docs/models/components/color.md
  - docs/models/components/tagschema.md
  - docs/models/components/httpmetadata.md
  - docs/models/components/linkgeotargeting.md
  - docs/models/components/countrycode.md
  - docs/models/components/country.md
  - docs/models/components/clicksbycountry.md
  - docs/models/components/clicksbycitiescountry.md
  - docs/models/components/clicksbycities.md
  - docs/models/components/plan.md
  - docs/models/components/role.md
  - docs/models/components/users.md
  - docs/models/components/domains.md
  - docs/models/components/workspaceschema.md
  - docs/models/components/type.md
  - docs/models/components/domainschema.md
  - docs/models/components/security.md
  - docs/models/sdkerrors/code.md
  - docs/models/sdkerrors/error.md
  - docs/models/sdkerrors/badrequest.md
  - docs/models/sdkerrors/unauthorizedcode.md
  - docs/models/sdkerrors/unauthorizederror.md
  - docs/models/sdkerrors/unauthorized.md
  - docs/models/sdkerrors/forbiddencode.md
  - docs/models/sdkerrors/forbiddenerror.md
  - docs/models/sdkerrors/forbidden.md
  - docs/models/sdkerrors/notfoundcode.md
  - docs/models/sdkerrors/notfounderror.md
  - docs/models/sdkerrors/notfound.md
  - docs/models/sdkerrors/conflictcode.md
  - docs/models/sdkerrors/conflicterror.md
  - docs/models/sdkerrors/conflict.md
  - docs/models/sdkerrors/inviteexpiredcode.md
  - docs/models/sdkerrors/inviteexpirederror.md
  - docs/models/sdkerrors/inviteexpired.md
  - docs/models/sdkerrors/unprocessableentitycode.md
  - docs/models/sdkerrors/unprocessableentityerror.md
  - docs/models/sdkerrors/unprocessableentity.md
  - docs/models/sdkerrors/ratelimitexceededcode.md
  - docs/models/sdkerrors/ratelimitexceedederror.md
  - docs/models/sdkerrors/ratelimitexceeded.md
  - docs/models/sdkerrors/internalservererrorcode.md
  - docs/models/sdkerrors/internalservererrorerror.md
  - docs/models/sdkerrors/internalservererror.md
  - docs/sdks/dub/README.md
  - docs/sdks/links/README.md
  - docs/sdks/qrcodes/README.md
  - docs/sdks/analytics/README.md
  - docs/sdks/clicks/README.md
  - docs/sdks/workspaces/README.md
  - docs/sdks/tags/README.md
  - docs/sdks/domains/README.md
  - docs/sdks/metatags/README.md
  - USAGE.md
  - models/operations/options.go
  - .gitattributes
  - internal/hooks/hooks.go
