speakeasyVersion: 1.468.6
sources:
    dub:
        sourceNamespace: dub
        sourceRevisionDigest: sha256:8f1ed80fededd786ade56e4bc6424b7b50057c13f861e1a1b4918c0451b7848a
        sourceBlobDigest: sha256:4f857c24e9fc5883500df254e0cfeda49c2c1251bcc40597d9751bd2f79fc07d
        tags:
            - latest
            - speakeasy-sdk-regen-1736899942
            - 0.0.1
targets:
    my-first-target:
        source: dub
        sourceNamespace: dub
        sourceRevisionDigest: sha256:8f1ed80fededd786ade56e4bc6424b7b50057c13f861e1a1b4918c0451b7848a
        sourceBlobDigest: sha256:4f857c24e9fc5883500df254e0cfeda49c2c1251bcc40597d9751bd2f79fc07d
        codeSamplesNamespace: code-samples-go-my-first-target
        codeSamplesRevisionDigest: sha256:47561dae2f044a97a8b3bc24b44e2feb8f5de92ef28c2d70f7fcbb9864f0d1ac
workflow:
    workflowVersion: 1.0.0
    speakeasyVersion: latest
    sources:
        dub:
            inputs:
                - location: https://api.dub.co
            registry:
                location: registry.speakeasyapi.dev/dub/dub/dub
    targets:
        my-first-target:
            target: go
            source: dub
            codeSamples:
                output: codeSamples.yaml
                registry:
                    location: registry.speakeasyapi.dev/dub/dub/code-samples-go-my-first-target
