speakeasyVersion: 1.600.2
sources:
    dub:
        sourceNamespace: dub
        sourceRevisionDigest: sha256:972c35dc520875800ab756115f1ce056de3b38416efb24407edb5508494073aa
        sourceBlobDigest: sha256:178087f1696fe232aedae7a71a62938141238c5b39b74f1b43045ed474d6dc49
        tags:
            - latest
            - speakeasy-sdk-regen-1754612146
            - 0.0.1
targets:
    my-first-target:
        source: dub
        sourceNamespace: dub
        sourceRevisionDigest: sha256:972c35dc520875800ab756115f1ce056de3b38416efb24407edb5508494073aa
        sourceBlobDigest: sha256:178087f1696fe232aedae7a71a62938141238c5b39b74f1b43045ed474d6dc49
        codeSamplesNamespace: code-samples-go-my-first-target
        codeSamplesRevisionDigest: sha256:6216f7c5cc2b4d4b6bfadda5d0c8b176f60cd08a26b0a1502cbe615441f2f6a0
workflow:
    workflowVersion: 1.0.0
    speakeasyVersion: latest
    sources:
        dub:
            inputs:
                - location: https://api.dub.co
            registry:
                location: registry.speakeasyapi.dev/dub/dub/dub
    targets:
        my-first-target:
            target: go
            source: dub
            codeSamples:
                output: codeSamples.yaml
                registry:
                    location: registry.speakeasyapi.dev/dub/dub/code-samples-go-my-first-target
