speakeasyVersion: 1.796.4
sources:
    dub:
        sourceNamespace: dub
        sourceRevisionDigest: sha256:47f04af4d2103d27b2ac266c9506d83c312a0f1127ee9433e2da9ba1b2d0697c
        sourceBlobDigest: sha256:eee8bf68665e1efeaf5896ea5de979529537e114b7f2ede460ba1f52a3d10891
        tags:
            - latest
            - 0.0.1
targets:
    my-first-target:
        source: dub
        sourceNamespace: dub
        sourceRevisionDigest: sha256:47f04af4d2103d27b2ac266c9506d83c312a0f1127ee9433e2da9ba1b2d0697c
        sourceBlobDigest: sha256:eee8bf68665e1efeaf5896ea5de979529537e114b7f2ede460ba1f52a3d10891
        codeSamplesNamespace: code-samples-go-my-first-target
        codeSamplesRevisionDigest: sha256:32e7cab11e552c67d2c0b424d3265845823dff0adea3b377195967f0193f93bb
workflow:
    workflowVersion: 1.0.0
    speakeasyVersion: latest
    sources:
        dub:
            inputs:
                - location: https://api.dub.co
            registry:
                location: registry.speakeasyapi.dev/dub/dub/dub
    targets:
        my-first-target:
            target: go
            source: dub
            codeSamples:
                output: codeSamples.yaml
                registry:
                    location: registry.speakeasyapi.dev/dub/dub/code-samples-go-my-first-target
